
Microsoft Visual Studio Solution File, Format Version 12.00
# Visual Studio Version 17
VisualStudioVersion = 17.7.34018.315
MinimumVisualStudioVersion = 10.0.40219.1
Project("{FAE04EC0-301F-11D3-BF4B-00C04F79EFBC}") = "Inlämningsuppgift list 1", "Inlämningsuppgift list 1.csproj", "{8EFFBDA5-DC1B-46B1-95C5-9F3B4E6B113B}"
EndProject
Global
	GlobalSection(SolutionConfigurationPlatforms) = preSolution
		Debug|Any CPU = Debug|Any CPU
		Release|Any CPU = Release|Any CPU
	EndGlobalSection
	GlobalSection(ProjectConfigurationPlatforms) = postSolution
		{8EFFBDA5-DC1B-46B1-95C5-9F3B4E6B113B}.Debug|Any CPU.ActiveCfg = Debug|Any CPU
		{8EFFBDA5-DC1B-46B1-95C5-9F3B4E6B113B}.Debug|Any CPU.Build.0 = Debug|Any CPU
		{8EFFBDA5-DC1B-46B1-95C5-9F3B4E6B113B}.Release|Any CPU.ActiveCfg = Release|Any CPU
		{8EFFBDA5-DC1B-46B1-95C5-9F3B4E6B113B}.Release|Any CPU.Build.0 = Release|Any CPU
	EndGlobalSection
	GlobalSection(SolutionProperties) = preSolution
		HideSolutionNode = FALSE
	EndGlobalSection
	GlobalSection(ExtensibilityGlobals) = postSolution
		SolutionGuid = {820CDE1B-90B6-4469-8645-17E1F749A6B8}
	EndGlobalSection
EndGlobal
